// !$*UTF8*$!
{
	archiveVersion = 1;
	classes = {
	};
	objectVersion = 50;
	objects = {

/* Begin PBXBuildFile section */
		DD5299FB24F13DFA00D04CBA /* main.cpp in Sources */ = {isa = PBXBuildFile; fileRef = DD5299FA24F13DFA00D04CBA /* main.cpp */; };
		DD529A0624F13E0B00D04CBA /* main.cpp in Sources */ = {isa = PBXBuildFile; fileRef = DD529A0524F13E0B00D04CBA /* main.cpp */; };
		DD8F313824F13F2C00C6B129 /* main.cpp in Sources */ = {isa = PBXBuildFile; fileRef = DD8F313724F13F2C00C6B129 /* main.cpp */; };
/* End PBXBuildFile section */

/* Begin PBXCopyFilesBuildPhase section */
		DD5299F624F13DFA00D04CBA /* CopyFiles */ = {
			isa = PBXCopyFilesBuildPhase;
			buildActionMask = 2147483647;
			dstPath = /usr/share/man/man1/;
			dstSubfolderSpec = 0;
			files = (
			);
			runOnlyForDeploymentPostprocessing = 1;
		};
		DD529A0124F13E0B00D04CBA /* CopyFiles */ = {
			isa = PBXCopyFilesBuildPhase;
			buildActionMask = 2147483647;
			dstPath = /usr/share/man/man1/;
			dstSubfolderSpec = 0;
			files = (
			);
			runOnlyForDeploymentPostprocessing = 1;
		};
		DD8F313324F13F2C00C6B129 /* CopyFiles */ = {
			isa = PBXCopyFilesBuildPhase;
			buildActionMask = 2147483647;
			dstPath = /usr/share/man/man1/;
			dstSubfolderSpec = 0;
			files = (
			);
			runOnlyForDeploymentPostprocessing = 1;
		};
/* End PBXCopyFilesBuildPhase section */

/* Begin PBXFileReference section */
		DD5299F824F13DFA00D04CBA /* zad1 */ = {isa = PBXFileReference; explicitFileType = "compiled.mach-o.executable"; includeInIndex = 0; path = zad1; sourceTree = BUILT_PRODUCTS_DIR; };
		DD5299FA24F13DFA00D04CBA /* main.cpp */ = {isa = PBXFileReference; lastKnownFileType = sourcecode.cpp.cpp; path = main.cpp; sourceTree = "<group>"; };
		DD529A0324F13E0B00D04CBA /* zad2 */ = {isa = PBXFileReference; explicitFileType = "compiled.mach-o.executable"; includeInIndex = 0; path = zad2; sourceTree = BUILT_PRODUCTS_DIR; };
		DD529A0524F13E0B00D04CBA /* main.cpp */ = {isa = PBXFileReference; lastKnownFileType = sourcecode.cpp.cpp; path = main.cpp; sourceTree = "<group>"; };
		DD8F313524F13F2C00C6B129 /* zad1_2 */ = {isa = PBXFileReference; explicitFileType = "compiled.mach-o.executable"; includeInIndex = 0; path = zad1_2; sourceTree = BUILT_PRODUCTS_DIR; };
		DD8F313724F13F2C00C6B129 /* main.cpp */ = {isa = PBXFileReference; lastKnownFileType = sourcecode.cpp.cpp; path = main.cpp; sourceTree = "<group>"; };
/* End PBXFileReference section */

/* Begin PBXFrameworksBuildPhase section */
		DD5299F524F13DFA00D04CBA /* Frameworks */ = {
			isa = PBXFrameworksBuildPhase;
			buildActionMask = 2147483647;
			files = (
			);
			runOnlyForDeploymentPostprocessing = 0;
		};
		DD529A0024F13E0B00D04CBA /* Frameworks */ = {
			isa = PBXFrameworksBuildPhase;
			buildActionMask = 2147483647;
			files = (
			);
			runOnlyForDeploymentPostprocessing = 0;
		};
		DD8F313224F13F2C00C6B129 /* Frameworks */ = {
			isa = PBXFrameworksBuildPhase;
			buildActionMask = 2147483647;
			files = (
			);
			runOnlyForDeploymentPostprocessing = 0;
		};
/* End PBXFrameworksBuildPhase section */

/* Begin PBXGroup section */
		DD5299A924F13BAC00D04CBA = {
			isa = PBXGroup;
			children = (
				DD5299F924F13DFA00D04CBA /* zad1_1 */,
				DD8F313624F13F2C00C6B129 /* zad1_2 */,
				DD529A0424F13E0B00D04CBA /* zad2 */,
				DD5299B324F13BAC00D04CBA /* Products */,
			);
			sourceTree = "<group>";
		};
		DD5299B324F13BAC00D04CBA /* Products */ = {
			isa = PBXGroup;
			children = (
				DD5299F824F13DFA00D04CBA /* zad1 */,
				DD529A0324F13E0B00D04CBA /* zad2 */,
				DD8F313524F13F2C00C6B129 /* zad1_2 */,
			);
			name = Products;
			sourceTree = "<group>";
		};
		DD5299F924F13DFA00D04CBA /* zad1_1 */ = {
			isa = PBXGroup;
			children = (
				DD5299FA24F13DFA00D04CBA /* main.cpp */,
			);
			path = zad1_1;
			sourceTree = "<group>";
		};
		DD529A0424F13E0B00D04CBA /* zad2 */ = {
			isa = PBXGroup;
			children = (
				DD529A0524F13E0B00D04CBA /* main.cpp */,
			);
			path = zad2;
			sourceTree = "<group>";
		};
		DD8F313624F13F2C00C6B129 /* zad1_2 */ = {
			isa = PBXGroup;
			children = (
				DD8F313724F13F2C00C6B129 /* main.cpp */,
			);
			path = zad1_2;
			sourceTree = "<group>";
		};
/* End PBXGroup section */

/* Begin PBXNativeTarget section */
		DD5299F724F13DFA00D04CBA /* zad1 */ = {
			isa = PBXNativeTarget;
			buildConfigurationList = DD5299FC24F13DFA00D04CBA /* Build configuration list for PBXNativeTarget "zad1" */;
			buildPhases = (
				DD5299F424F13DFA00D04CBA /* Sources */,
				DD5299F524F13DFA00D04CBA /* Frameworks */,
				DD5299F624F13DFA00D04CBA /* CopyFiles */,
			);
			buildRules = (
			);
			dependencies = (
			);
			name = zad1;
			productName = zad1;
			productReference = DD5299F824F13DFA00D04CBA /* zad1 */;
			productType = "com.apple.product-type.tool";
		};
		DD529A0224F13E0B00D04CBA /* zad2 */ = {
			isa = PBXNativeTarget;
			buildConfigurationList = DD529A0724F13E0B00D04CBA /* Build configuration list for PBXNativeTarget "zad2" */;
			buildPhases = (
				DD5299FF24F13E0B00D04CBA /* Sources */,
				DD529A0024F13E0B00D04CBA /* Frameworks */,
				DD529A0124F13E0B00D04CBA /* CopyFiles */,
			);
			buildRules = (
			);
			dependencies = (
			);
			name = zad2;
			productName = zad2;
			productReference = DD529A0324F13E0B00D04CBA /* zad2 */;
			productType = "com.apple.product-type.tool";
		};
		DD8F313424F13F2C00C6B129 /* zad1_2 */ = {
			isa = PBXNativeTarget;
			buildConfigurationList = DD8F313B24F13F2C00C6B129 /* Build configuration list for PBXNativeTarget "zad1_2" */;
			buildPhases = (
				DD8F313124F13F2C00C6B129 /* Sources */,
				DD8F313224F13F2C00C6B129 /* Frameworks */,
				DD8F313324F13F2C00C6B129 /* CopyFiles */,
			);
			buildRules = (
			);
			dependencies = (
			);
			name = zad1_2;
			productName = zad1_2;
			productReference = DD8F313524F13F2C00C6B129 /* zad1_2 */;
			productType = "com.apple.product-type.tool";
		};
/* End PBXNativeTarget section */

/* Begin PBXProject section */
		DD5299AA24F13BAC00D04CBA /* Project object */ = {
			isa = PBXProject;
			attributes = {
				LastSwiftUpdateCheck = 1160;
				LastUpgradeCheck = 1160;
				ORGANIZATIONNAME = danielgospodinow;
				TargetAttributes = {
					DD5299F724F13DFA00D04CBA = {
						CreatedOnToolsVersion = 11.6;
					};
					DD529A0224F13E0B00D04CBA = {
						CreatedOnToolsVersion = 11.6;
					};
					DD8F313424F13F2C00C6B129 = {
						CreatedOnToolsVersion = 11.6;
					};
				};
			};
			buildConfigurationList = DD5299AD24F13BAC00D04CBA /* Build configuration list for PBXProject "10-09-2019" */;
			compatibilityVersion = "Xcode 9.3";
			developmentRegion = en;
			hasScannedForEncodings = 0;
			knownRegions = (
				en,
				Base,
			);
			mainGroup = DD5299A924F13BAC00D04CBA;
			productRefGroup = DD5299B324F13BAC00D04CBA /* Products */;
			projectDirPath = "";
			projectRoot = "";
			targets = (
				DD5299F724F13DFA00D04CBA /* zad1 */,
				DD8F313424F13F2C00C6B129 /* zad1_2 */,
				DD529A0224F13E0B00D04CBA /* zad2 */,
			);
		};
/* End PBXProject section */

/* Begin PBXSourcesBuildPhase section */
		DD5299F424F13DFA00D04CBA /* Sources */ = {
			isa = PBXSourcesBuildPhase;
			buildActionMask = 2147483647;
			files = (
				DD5299FB24F13DFA00D04CBA /* main.cpp in Sources */,
			);
			runOnlyForDeploymentPostprocessing = 0;
		};
		DD5299FF24F13E0B00D04CBA /* Sources */ = {
			isa = PBXSourcesBuildPhase;
			buildActionMask = 2147483647;
			files = (
				DD529A0624F13E0B00D04CBA /* main.cpp in Sources */,
			);
			runOnlyForDeploymentPostprocessing = 0;
		};
		DD8F313124F13F2C00C6B129 /* Sources */ = {
			isa = PBXSourcesBuildPhase;
			buildActionMask = 2147483647;
			files = (
				DD8F313824F13F2C00C6B129 /* main.cpp in Sources */,
			);
			runOnlyForDeploymentPostprocessing = 0;
		};
/* End PBXSourcesBuildPhase section */

/* Begin XCBuildConfiguration section */
		DD5299B724F13BAC00D04CBA /* Debug */ = {
			isa = XCBuildConfiguration;
			buildSettings = {
				ALWAYS_SEARCH_USER_PATHS = NO;
				CLANG_ANALYZER_NONNULL = YES;
				CLANG_ANALYZER_NUMBER_OBJECT_CONVERSION = YES_AGGRESSIVE;
				CLANG_CXX_LANGUAGE_STANDARD = "gnu++14";
				CLANG_CXX_LIBRARY = "libc++";
				CLANG_ENABLE_MODULES = YES;
				CLANG_ENABLE_OBJC_ARC = YES;
				CLANG_ENABLE_OBJC_WEAK = YES;
				CLANG_WARN_BLOCK_CAPTURE_AUTORELEASING = YES;
				CLANG_WARN_BOOL_CONVERSION = YES;
				CLANG_WARN_COMMA = YES;
				CLANG_WARN_CONSTANT_CONVERSION = YES;
				CLANG_WARN_DEPRECATED_OBJC_IMPLEMENTATIONS = YES;
				CLANG_WARN_DIRECT_OBJC_ISA_USAGE = YES_ERROR;
				CLANG_WARN_DOCUMENTATION_COMMENTS = YES;
				CLANG_WARN_EMPTY_BODY = YES;
				CLANG_WARN_ENUM_CONVERSION = YES;
				CLANG_WARN_INFINITE_RECURSION = YES;
				CLANG_WARN_INT_CONVERSION = YES;
				CLANG_WARN_NON_LITERAL_NULL_CONVERSION = YES;
				CLANG_WARN_OBJC_IMPLICIT_RETAIN_SELF = YES;
				CLANG_WARN_OBJC_LITERAL_CONVERSION = YES;
				CLANG_WARN_OBJC_ROOT_CLASS = YES_ERROR;
				CLANG_WARN_RANGE_LOOP_ANALYSIS = YES;
				CLANG_WARN_STRICT_PROTOTYPES = YES;
				CLANG_WARN_SUSPICIOUS_MOVE = YES;
				CLANG_WARN_UNGUARDED_AVAILABILITY = YES_AGGRESSIVE;
				CLANG_WARN_UNREACHABLE_CODE = YES;
				CLANG_WARN__DUPLICATE_METHOD_MATCH = YES;
				COPY_PHASE_STRIP = NO;
				DEBUG_INFORMATION_FORMAT = dwarf;
				ENABLE_STRICT_OBJC_MSGSEND = YES;
				ENABLE_TESTABILITY = YES;
				GCC_C_LANGUAGE_STANDARD = gnu11;
				GCC_DYNAMIC_NO_PIC = NO;
				GCC_NO_COMMON_BLOCKS = YES;
				GCC_OPTIMIZATION_LEVEL = 0;
				GCC_PREPROCESSOR_DEFINITIONS = (
					"DEBUG=1",
					"$(inherited)",
				);
				GCC_WARN_64_TO_32_BIT_CONVERSION = YES;
				GCC_WARN_ABOUT_RETURN_TYPE = YES_ERROR;
				GCC_WARN_UNDECLARED_SELECTOR = YES;
				GCC_WARN_UNINITIALIZED_AUTOS = YES_AGGRESSIVE;
				GCC_WARN_UNUSED_FUNCTION = YES;
				GCC_WARN_UNUSED_VARIABLE = YES;
				MACOSX_DEPLOYMENT_TARGET = 10.15;
				MTL_ENABLE_DEBUG_INFO = INCLUDE_SOURCE;
				MTL_FAST_MATH = YES;
				ONLY_ACTIVE_ARCH = YES;
				SDKROOT = macosx;
			};
			name = Debug;
		};
		DD5299B824F13BAC00D04CBA /* Release */ = {
			isa = XCBuildConfiguration;
			buildSettings = {
				ALWAYS_SEARCH_USER_PATHS = NO;
				CLANG_ANALYZER_NONNULL = YES;
				CLANG_ANALYZER_NUMBER_OBJECT_CONVERSION = YES_AGGRESSIVE;
				CLANG_CXX_LANGUAGE_STANDARD = "gnu++14";
				CLANG_CXX_LIBRARY = "libc++";
				CLANG_ENABLE_MODULES = YES;
				CLANG_ENABLE_OBJC_ARC = YES;
				CLANG_ENABLE_OBJC_WEAK = YES;
				CLANG_WARN_BLOCK_CAPTURE_AUTORELEASING = YES;
				CLANG_WARN_BOOL_CONVERSION = YES;
				CLANG_WARN_COMMA = YES;
				CLANG_WARN_CONSTANT_CONVERSION = YES;
				CLANG_WARN_DEPRECATED_OBJC_IMPLEMENTATIONS = YES;
				CLANG_WARN_DIRECT_OBJC_ISA_USAGE = YES_ERROR;
				CLANG_WARN_DOCUMENTATION_COMMENTS = YES;
				CLANG_WARN_EMPTY_BODY = YES;
				CLANG_WARN_ENUM_CONVERSION = YES;
				CLANG_WARN_INFINITE_RECURSION = YES;
				CLANG_WARN_INT_CONVERSION = YES;
				CLANG_WARN_NON_LITERAL_NULL_CONVERSION = YES;
				CLANG_WARN_OBJC_IMPLICIT_RETAIN_SELF = YES;
				CLANG_WARN_OBJC_LITERAL_CONVERSION = YES;
				CLANG_WARN_OBJC_ROOT_CLASS = YES_ERROR;
				CLANG_WARN_RANGE_LOOP_ANALYSIS = YES;
				CLANG_WARN_STRICT_PROTOTYPES = YES;
				CLANG_WARN_SUSPICIOUS_MOVE = YES;
				CLANG_WARN_UNGUARDED_AVAILABILITY = YES_AGGRESSIVE;
				CLANG_WARN_UNREACHABLE_CODE = YES;
				CLANG_WARN__DUPLICATE_METHOD_MATCH = YES;
				COPY_PHASE_STRIP = NO;
				DEBUG_INFORMATION_FORMAT = "dwarf-with-dsym";
				ENABLE_NS_ASSERTIONS = NO;
				ENABLE_STRICT_OBJC_MSGSEND = YES;
				GCC_C_LANGUAGE_STANDARD = gnu11;
				GCC_NO_COMMON_BLOCKS = YES;
				GCC_WARN_64_TO_32_BIT_CONVERSION = YES;
				GCC_WARN_ABOUT_RETURN_TYPE = YES_ERROR;
				GCC_WARN_UNDECLARED_SELECTOR = YES;
				GCC_WARN_UNINITIALIZED_AUTOS = YES_AGGRESSIVE;
				GCC_WARN_UNUSED_FUNCTION = YES;
				GCC_WARN_UNUSED_VARIABLE = YES;
				MACOSX_DEPLOYMENT_TARGET = 10.15;
				MTL_ENABLE_DEBUG_INFO = NO;
				MTL_FAST_MATH = YES;
				SDKROOT = macosx;
			};
			name = Release;
		};
		DD5299FD24F13DFA00D04CBA /* Debug */ = {
			isa = XCBuildConfiguration;
			buildSettings = {
				CODE_SIGN_STYLE = Automatic;
				PRODUCT_NAME = "$(TARGET_NAME)";
			};
			name = Debug;
		};
		DD5299FE24F13DFA00D04CBA /* Release */ = {
			isa = XCBuildConfiguration;
			buildSettings = {
				CODE_SIGN_STYLE = Automatic;
				PRODUCT_NAME = "$(TARGET_NAME)";
			};
			name = Release;
		};
		DD529A0824F13E0B00D04CBA /* Debug */ = {
			isa = XCBuildConfiguration;
			buildSettings = {
				CODE_SIGN_STYLE = Automatic;
				PRODUCT_NAME = "$(TARGET_NAME)";
			};
			name = Debug;
		};
		DD529A0924F13E0B00D04CBA /* Release */ = {
			isa = XCBuildConfiguration;
			buildSettings = {
				CODE_SIGN_STYLE = Automatic;
				PRODUCT_NAME = "$(TARGET_NAME)";
			};
			name = Release;
		};
		DD8F313924F13F2C00C6B129 /* Debug */ = {
			isa = XCBuildConfiguration;
			buildSettings = {
				CODE_SIGN_STYLE = Automatic;
				PRODUCT_NAME = "$(TARGET_NAME)";
			};
			name = Debug;
		};
		DD8F313A24F13F2C00C6B129 /* Release */ = {
			isa = XCBuildConfiguration;
			buildSettings = {
				CODE_SIGN_STYLE = Automatic;
				PRODUCT_NAME = "$(TARGET_NAME)";
			};
			name = Release;
		};
/* End XCBuildConfiguration section */

/* Begin XCConfigurationList section */
		DD5299AD24F13BAC00D04CBA /* Build configuration list for PBXProject "10-09-2019" */ = {
			isa = XCConfigurationList;
			buildConfigurations = (
				DD5299B724F13BAC00D04CBA /* Debug */,
				DD5299B824F13BAC00D04CBA /* Release */,
			);
			defaultConfigurationIsVisible = 0;
			defaultConfigurationName = Release;
		};
		DD5299FC24F13DFA00D04CBA /* Build configuration list for PBXNativeTarget "zad1" */ = {
			isa = XCConfigurationList;
			buildConfigurations = (
				DD5299FD24F13DFA00D04CBA /* Debug */,
				DD5299FE24F13DFA00D04CBA /* Release */,
			);
			defaultConfigurationIsVisible = 0;
			defaultConfigurationName = Release;
		};
		DD529A0724F13E0B00D04CBA /* Build configuration list for PBXNativeTarget "zad2" */ = {
			isa = XCConfigurationList;
			buildConfigurations = (
				DD529A0824F13E0B00D04CBA /* Debug */,
				DD529A0924F13E0B00D04CBA /* Release */,
			);
			defaultConfigurationIsVisible = 0;
			defaultConfigurationName = Release;
		};
		DD8F313B24F13F2C00C6B129 /* Build configuration list for PBXNativeTarget "zad1_2" */ = {
			isa = XCConfigurationList;
			buildConfigurations = (
				DD8F313924F13F2C00C6B129 /* Debug */,
				DD8F313A24F13F2C00C6B129 /* Release */,
			);
			defaultConfigurationIsVisible = 0;
			defaultConfigurationName = Release;
		};
/* End XCConfigurationList section */
	};
	rootObject = DD5299AA24F13BAC00D04CBA /* Project object */;
}
